
Microsoft Visual Studio Solution File, Format Version 12.00
# Visual Studio 15
VisualStudioVersion = 15.0.26430.16
MinimumVisualStudioVersion = 10.0.40219.1
Project("{9A19103F-16F7-4668-BE54-9A1E7A4F7556}") = "Quoter", "src\Quoter\Quoter.csproj", "{927AB47F-479C-423A-B21F-5DEC48533E1D}"
EndProject
Project("{9A19103F-16F7-4668-BE54-9A1E7A4F7556}") = "Quoter.Tests", "src\Quoter.Tests\Quoter.Tests.csproj", "{2400CB20-55BB-4FDF-85CB-42591681CF11}"
EndProject
Project("{9A19103F-16F7-4668-BE54-9A1E7A4F7556}") = "Quoter.Web", "src\Quoter.Web\Quoter.Web.csproj", "{8726E4D4-7D55-4F90-B6B6-9DECE6A88C64}"
EndProject
Project("{2150E333-8FDC-42A3-9474-1A3956D46DE8}") = "uno", "uno", "{03213811-C0E4-4165-A36A-21955DEECD9B}"
EndProject
Project("{D954291E-2A0B-460D-934E-DC6B0785DB48}") = "RoslynQuoter.Shared", "src\uno\RoslynQuoter.Shared\RoslynQuoter.Shared.shproj", "{6279C845-92F8-4333-AB99-3D213163593C}"
EndProject
Project("{FAE04EC0-301F-11D3-BF4B-00C04F79EFBC}") = "RoslynQuoter.UWP", "src\uno\RoslynQuoter.UWP\RoslynQuoter.UWP.csproj", "{20F64AA7-D240-49D8-BC35-578E322C7279}"
EndProject
Project("{9A19103F-16F7-4668-BE54-9A1E7A4F7556}") = "RoslynQuoter.Wasm", "src\uno\RoslynQuoter.Wasm\RoslynQuoter.Wasm.csproj", "{A706D15C-B407-42A2-B6E3-B6F88BA24E7E}"
EndProject
Global
	GlobalSection(SharedMSBuildProjectFiles) = preSolution
		src\uno\RoslynQuoter.Shared\RoslynQuoter.Shared.projitems*{20f64aa7-d240-49d8-bc35-578e322c7279}*SharedItemsImports = 4
		src\uno\RoslynQuoter.Shared\RoslynQuoter.Shared.projitems*{6279c845-92f8-4333-ab99-3d213163593c}*SharedItemsImports = 13
	EndGlobalSection
	GlobalSection(SolutionConfigurationPlatforms) = preSolution
		Ad-Hoc|Any CPU = Ad-Hoc|Any CPU
		Ad-Hoc|ARM = Ad-Hoc|ARM
		Ad-Hoc|iPhone = Ad-Hoc|iPhone
		Ad-Hoc|iPhoneSimulator = Ad-Hoc|iPhoneSimulator
		Ad-Hoc|x64 = Ad-Hoc|x64
		Ad-Hoc|x86 = Ad-Hoc|x86
		AppStore|Any CPU = AppStore|Any CPU
		AppStore|ARM = AppStore|ARM
		AppStore|iPhone = AppStore|iPhone
		AppStore|iPhoneSimulator = AppStore|iPhoneSimulator
		AppStore|x64 = AppStore|x64
		AppStore|x86 = AppStore|x86
		Debug|Any CPU = Debug|Any CPU
		Debug|ARM = Debug|ARM
		Debug|iPhone = Debug|iPhone
		Debug|iPhoneSimulator = Debug|iPhoneSimulator
		Debug|x64 = Debug|x64
		Debug|x86 = Debug|x86
		Release|Any CPU = Release|Any CPU
		Release|ARM = Release|ARM
		Release|iPhone = Release|iPhone
		Release|iPhoneSimulator = Release|iPhoneSimulator
		Release|x64 = Release|x64
		Release|x86 = Release|x86
	EndGlobalSection
	GlobalSection(ProjectConfigurationPlatforms) = postSolution
		{927AB47F-479C-423A-B21F-5DEC48533E1D}.Ad-Hoc|Any CPU.ActiveCfg = Release|Any CPU
		{927AB47F-479C-423A-B21F-5DEC48533E1D}.Ad-Hoc|Any CPU.Build.0 = Release|Any CPU
		{927AB47F-479C-423A-B21F-5DEC48533E1D}.Ad-Hoc|ARM.ActiveCfg = Release|Any CPU
		{927AB47F-479C-423A-B21F-5DEC48533E1D}.Ad-Hoc|ARM.Build.0 = Release|Any CPU
		{927AB47F-479C-423A-B21F-5DEC48533E1D}.Ad-Hoc|iPhone.ActiveCfg = Release|Any CPU
		{927AB47F-479C-423A-B21F-5DEC48533E1D}.Ad-Hoc|iPhone.Build.0 = Release|Any CPU
		{927AB47F-479C-423A-B21F-5DEC48533E1D}.Ad-Hoc|iPhoneSimulator.ActiveCfg = Release|Any CPU
		{927AB47F-479C-423A-B21F-5DEC48533E1D}.Ad-Hoc|iPhoneSimulator.Build.0 = Release|Any CPU
		{927AB47F-479C-423A-B21F-5DEC48533E1D}.Ad-Hoc|x64.ActiveCfg = Release|Any CPU
		{927AB47F-479C-423A-B21F-5DEC48533E1D}.Ad-Hoc|x64.Build.0 = Release|Any CPU
		{927AB47F-479C-423A-B21F-5DEC48533E1D}.Ad-Hoc|x86.ActiveCfg = Release|Any CPU
		{927AB47F-479C-423A-B21F-5DEC48533E1D}.Ad-Hoc|x86.Build.0 = Release|Any CPU
		{927AB47F-479C-423A-B21F-5DEC48533E1D}.AppStore|Any CPU.ActiveCfg = Release|Any CPU
		{927AB47F-479C-423A-B21F-5DEC48533E1D}.AppStore|Any CPU.Build.0 = Release|Any CPU
		{927AB47F-479C-423A-B21F-5DEC48533E1D}.AppStore|ARM.ActiveCfg = Release|Any CPU
		{927AB47F-479C-423A-B21F-5DEC48533E1D}.AppStore|ARM.Build.0 = Release|Any CPU
		{927AB47F-479C-423A-B21F-5DEC48533E1D}.AppStore|iPhone.ActiveCfg = Release|Any CPU
		{927AB47F-479C-423A-B21F-5DEC48533E1D}.AppStore|iPhone.Build.0 = Release|Any CPU
		{927AB47F-479C-423A-B21F-5DEC48533E1D}.AppStore|iPhoneSimulator.ActiveCfg = Release|Any CPU
		{927AB47F-479C-423A-B21F-5DEC48533E1D}.AppStore|iPhoneSimulator.Build.0 = Release|Any CPU
		{927AB47F-479C-423A-B21F-5DEC48533E1D}.AppStore|x64.ActiveCfg = Release|Any CPU
		{927AB47F-479C-423A-B21F-5DEC48533E1D}.AppStore|x64.Build.0 = Release|Any CPU
		{927AB47F-479C-423A-B21F-5DEC48533E1D}.AppStore|x86.ActiveCfg = Release|Any CPU
		{927AB47F-479C-423A-B21F-5DEC48533E1D}.AppStore|x86.Build.0 = Release|Any CPU
		{927AB47F-479C-423A-B21F-5DEC48533E1D}.Debug|Any CPU.ActiveCfg = Debug|Any CPU
		{927AB47F-479C-423A-B21F-5DEC48533E1D}.Debug|Any CPU.Build.0 = Debug|Any CPU
		{927AB47F-479C-423A-B21F-5DEC48533E1D}.Debug|ARM.ActiveCfg = Debug|Any CPU
		{927AB47F-479C-423A-B21F-5DEC48533E1D}.Debug|ARM.Build.0 = Debug|Any CPU
		{927AB47F-479C-423A-B21F-5DEC48533E1D}.Debug|iPhone.ActiveCfg = Debug|Any CPU
		{927AB47F-479C-423A-B21F-5DEC48533E1D}.Debug|iPhone.Build.0 = Debug|Any CPU
		{927AB47F-479C-423A-B21F-5DEC48533E1D}.Debug|iPhoneSimulator.ActiveCfg = Debug|Any CPU
		{927AB47F-479C-423A-B21F-5DEC48533E1D}.Debug|iPhoneSimulator.Build.0 = Debug|Any CPU
		{927AB47F-479C-423A-B21F-5DEC48533E1D}.Debug|x64.ActiveCfg = Debug|Any CPU
		{927AB47F-479C-423A-B21F-5DEC48533E1D}.Debug|x64.Build.0 = Debug|Any CPU
		{927AB47F-479C-423A-B21F-5DEC48533E1D}.Debug|x86.ActiveCfg = Debug|Any CPU
		{927AB47F-479C-423A-B21F-5DEC48533E1D}.Debug|x86.Build.0 = Debug|Any CPU
		{927AB47F-479C-423A-B21F-5DEC48533E1D}.Release|Any CPU.ActiveCfg = Release|Any CPU
		{927AB47F-479C-423A-B21F-5DEC48533E1D}.Release|Any CPU.Build.0 = Release|Any CPU
		{927AB47F-479C-423A-B21F-5DEC48533E1D}.Release|ARM.ActiveCfg = Release|Any CPU
		{927AB47F-479C-423A-B21F-5DEC48533E1D}.Release|ARM.Build.0 = Release|Any CPU
		{927AB47F-479C-423A-B21F-5DEC48533E1D}.Release|iPhone.ActiveCfg = Release|Any CPU
		{927AB47F-479C-423A-B21F-5DEC48533E1D}.Release|iPhone.Build.0 = Release|Any CPU
		{927AB47F-479C-423A-B21F-5DEC48533E1D}.Release|iPhoneSimulator.ActiveCfg = Release|Any CPU
		{927AB47F-479C-423A-B21F-5DEC48533E1D}.Release|iPhoneSimulator.Build.0 = Release|Any CPU
		{927AB47F-479C-423A-B21F-5DEC48533E1D}.Release|x64.ActiveCfg = Release|Any CPU
		{927AB47F-479C-423A-B21F-5DEC48533E1D}.Release|x64.Build.0 = Release|Any CPU
		{927AB47F-479C-423A-B21F-5DEC48533E1D}.Release|x86.ActiveCfg = Release|Any CPU
		{927AB47F-479C-423A-B21F-5DEC48533E1D}.Release|x86.Build.0 = Release|Any CPU
		{2400CB20-55BB-4FDF-85CB-42591681CF11}.Ad-Hoc|Any CPU.ActiveCfg = Release|Any CPU
		{2400CB20-55BB-4FDF-85CB-42591681CF11}.Ad-Hoc|Any CPU.Build.0 = Release|Any CPU
		{2400CB20-55BB-4FDF-85CB-42591681CF11}.Ad-Hoc|ARM.ActiveCfg = Release|Any CPU
		{2400CB20-55BB-4FDF-85CB-42591681CF11}.Ad-Hoc|ARM.Build.0 = Release|Any CPU
		{2400CB20-55BB-4FDF-85CB-42591681CF11}.Ad-Hoc|iPhone.ActiveCfg = Release|Any CPU
		{2400CB20-55BB-4FDF-85CB-42591681CF11}.Ad-Hoc|iPhone.Build.0 = Release|Any CPU
		{2400CB20-55BB-4FDF-85CB-42591681CF11}.Ad-Hoc|iPhoneSimulator.ActiveCfg = Release|Any CPU
		{2400CB20-55BB-4FDF-85CB-42591681CF11}.Ad-Hoc|iPhoneSimulator.Build.0 = Release|Any CPU
		{2400CB20-55BB-4FDF-85CB-42591681CF11}.Ad-Hoc|x64.ActiveCfg = Release|Any CPU
		{2400CB20-55BB-4FDF-85CB-42591681CF11}.Ad-Hoc|x64.Build.0 = Release|Any CPU
		{2400CB20-55BB-4FDF-85CB-42591681CF11}.Ad-Hoc|x86.ActiveCfg = Release|Any CPU
		{2400CB20-55BB-4FDF-85CB-42591681CF11}.Ad-Hoc|x86.Build.0 = Release|Any CPU
		{2400CB20-55BB-4FDF-85CB-42591681CF11}.AppStore|Any CPU.ActiveCfg = Release|Any CPU
		{2400CB20-55BB-4FDF-85CB-42591681CF11}.AppStore|Any CPU.Build.0 = Release|Any CPU
		{2400CB20-55BB-4FDF-85CB-42591681CF11}.AppStore|ARM.ActiveCfg = Release|Any CPU
		{2400CB20-55BB-4FDF-85CB-42591681CF11}.AppStore|ARM.Build.0 = Release|Any CPU
		{2400CB20-55BB-4FDF-85CB-42591681CF11}.AppStore|iPhone.ActiveCfg = Release|Any CPU
		{2400CB20-55BB-4FDF-85CB-42591681CF11}.AppStore|iPhone.Build.0 = Release|Any CPU
		{2400CB20-55BB-4FDF-85CB-42591681CF11}.AppStore|iPhoneSimulator.ActiveCfg = Release|Any CPU
		{2400CB20-55BB-4FDF-85CB-42591681CF11}.AppStore|iPhoneSimulator.Build.0 = Release|Any CPU
		{2400CB20-55BB-4FDF-85CB-42591681CF11}.AppStore|x64.ActiveCfg = Release|Any CPU
		{2400CB20-55BB-4FDF-85CB-42591681CF11}.AppStore|x64.Build.0 = Release|Any CPU
		{2400CB20-55BB-4FDF-85CB-42591681CF11}.AppStore|x86.ActiveCfg = Release|Any CPU
		{2400CB20-55BB-4FDF-85CB-42591681CF11}.AppStore|x86.Build.0 = Release|Any CPU
		{2400CB20-55BB-4FDF-85CB-42591681CF11}.Debug|Any CPU.ActiveCfg = Debug|Any CPU
		{2400CB20-55BB-4FDF-85CB-42591681CF11}.Debug|Any CPU.Build.0 = Debug|Any CPU
		{2400CB20-55BB-4FDF-85CB-42591681CF11}.Debug|ARM.ActiveCfg = Debug|Any CPU
		{2400CB20-55BB-4FDF-85CB-42591681CF11}.Debug|ARM.Build.0 = Debug|Any CPU
		{2400CB20-55BB-4FDF-85CB-42591681CF11}.Debug|iPhone.ActiveCfg = Debug|Any CPU
		{2400CB20-55BB-4FDF-85CB-42591681CF11}.Debug|iPhone.Build.0 = Debug|Any CPU
		{2400CB20-55BB-4FDF-85CB-42591681CF11}.Debug|iPhoneSimulator.ActiveCfg = Debug|Any CPU
		{2400CB20-55BB-4FDF-85CB-42591681CF11}.Debug|iPhoneSimulator.Build.0 = Debug|Any CPU
		{2400CB20-55BB-4FDF-85CB-42591681CF11}.Debug|x64.ActiveCfg = Debug|Any CPU
		{2400CB20-55BB-4FDF-85CB-42591681CF11}.Debug|x64.Build.0 = Debug|Any CPU
		{2400CB20-55BB-4FDF-85CB-42591681CF11}.Debug|x86.ActiveCfg = Debug|Any CPU
		{2400CB20-55BB-4FDF-85CB-42591681CF11}.Debug|x86.Build.0 = Debug|Any CPU
		{2400CB20-55BB-4FDF-85CB-42591681CF11}.Release|Any CPU.ActiveCfg = Release|Any CPU
		{2400CB20-55BB-4FDF-85CB-42591681CF11}.Release|Any CPU.Build.0 = Release|Any CPU
		{2400CB20-55BB-4FDF-85CB-42591681CF11}.Release|ARM.ActiveCfg = Release|Any CPU
		{2400CB20-55BB-4FDF-85CB-42591681CF11}.Release|ARM.Build.0 = Release|Any CPU
		{2400CB20-55BB-4FDF-85CB-42591681CF11}.Release|iPhone.ActiveCfg = Release|Any CPU
		{2400CB20-55BB-4FDF-85CB-42591681CF11}.Release|iPhone.Build.0 = Release|Any CPU
		{2400CB20-55BB-4FDF-85CB-42591681CF11}.Release|iPhoneSimulator.ActiveCfg = Release|Any CPU
		{2400CB20-55BB-4FDF-85CB-42591681CF11}.Release|iPhoneSimulator.Build.0 = Release|Any CPU
		{2400CB20-55BB-4FDF-85CB-42591681CF11}.Release|x64.ActiveCfg = Release|Any CPU
		{2400CB20-55BB-4FDF-85CB-42591681CF11}.Release|x64.Build.0 = Release|Any CPU
		{2400CB20-55BB-4FDF-85CB-42591681CF11}.Release|x86.ActiveCfg = Release|Any CPU
		{2400CB20-55BB-4FDF-85CB-42591681CF11}.Release|x86.Build.0 = Release|Any CPU
		{8726E4D4-7D55-4F90-B6B6-9DECE6A88C64}.Ad-Hoc|Any CPU.ActiveCfg = Release|Any CPU
		{8726E4D4-7D55-4F90-B6B6-9DECE6A88C64}.Ad-Hoc|Any CPU.Build.0 = Release|Any CPU
		{8726E4D4-7D55-4F90-B6B6-9DECE6A88C64}.Ad-Hoc|ARM.ActiveCfg = Release|Any CPU
		{8726E4D4-7D55-4F90-B6B6-9DECE6A88C64}.Ad-Hoc|ARM.Build.0 = Release|Any CPU
		{8726E4D4-7D55-4F90-B6B6-9DECE6A88C64}.Ad-Hoc|iPhone.ActiveCfg = Release|Any CPU
		{8726E4D4-7D55-4F90-B6B6-9DECE6A88C64}.Ad-Hoc|iPhone.Build.0 = Release|Any CPU
		{8726E4D4-7D55-4F90-B6B6-9DECE6A88C64}.Ad-Hoc|iPhoneSimulator.ActiveCfg = Release|Any CPU
		{8726E4D4-7D55-4F90-B6B6-9DECE6A88C64}.Ad-Hoc|iPhoneSimulator.Build.0 = Release|Any CPU
		{8726E4D4-7D55-4F90-B6B6-9DECE6A88C64}.Ad-Hoc|x64.ActiveCfg = Release|Any CPU
		{8726E4D4-7D55-4F90-B6B6-9DECE6A88C64}.Ad-Hoc|x64.Build.0 = Release|Any CPU
		{8726E4D4-7D55-4F90-B6B6-9DECE6A88C64}.Ad-Hoc|x86.ActiveCfg = Release|Any CPU
		{8726E4D4-7D55-4F90-B6B6-9DECE6A88C64}.Ad-Hoc|x86.Build.0 = Release|Any CPU
		{8726E4D4-7D55-4F90-B6B6-9DECE6A88C64}.AppStore|Any CPU.ActiveCfg = Release|Any CPU
		{8726E4D4-7D55-4F90-B6B6-9DECE6A88C64}.AppStore|Any CPU.Build.0 = Release|Any CPU
		{8726E4D4-7D55-4F90-B6B6-9DECE6A88C64}.AppStore|ARM.ActiveCfg = Release|Any CPU
		{8726E4D4-7D55-4F90-B6B6-9DECE6A88C64}.AppStore|ARM.Build.0 = Release|Any CPU
		{8726E4D4-7D55-4F90-B6B6-9DECE6A88C64}.AppStore|iPhone.ActiveCfg = Release|Any CPU
		{8726E4D4-7D55-4F90-B6B6-9DECE6A88C64}.AppStore|iPhone.Build.0 = Release|Any CPU
		{8726E4D4-7D55-4F90-B6B6-9DECE6A88C64}.AppStore|iPhoneSimulator.ActiveCfg = Release|Any CPU
		{8726E4D4-7D55-4F90-B6B6-9DECE6A88C64}.AppStore|iPhoneSimulator.Build.0 = Release|Any CPU
		{8726E4D4-7D55-4F90-B6B6-9DECE6A88C64}.AppStore|x64.ActiveCfg = Release|Any CPU
		{8726E4D4-7D55-4F90-B6B6-9DECE6A88C64}.AppStore|x64.Build.0 = Release|Any CPU
		{8726E4D4-7D55-4F90-B6B6-9DECE6A88C64}.AppStore|x86.ActiveCfg = Release|Any CPU
		{8726E4D4-7D55-4F90-B6B6-9DECE6A88C64}.AppStore|x86.Build.0 = Release|Any CPU
		{8726E4D4-7D55-4F90-B6B6-9DECE6A88C64}.Debug|Any CPU.ActiveCfg = Debug|Any CPU
		{8726E4D4-7D55-4F90-B6B6-9DECE6A88C64}.Debug|Any CPU.Build.0 = Debug|Any CPU
		{8726E4D4-7D55-4F90-B6B6-9DECE6A88C64}.Debug|ARM.ActiveCfg = Debug|Any CPU
		{8726E4D4-7D55-4F90-B6B6-9DECE6A88C64}.Debug|ARM.Build.0 = Debug|Any CPU
		{8726E4D4-7D55-4F90-B6B6-9DECE6A88C64}.Debug|iPhone.ActiveCfg = Debug|Any CPU
		{8726E4D4-7D55-4F90-B6B6-9DECE6A88C64}.Debug|iPhone.Build.0 = Debug|Any CPU
		{8726E4D4-7D55-4F90-B6B6-9DECE6A88C64}.Debug|iPhoneSimulator.ActiveCfg = Debug|Any CPU
		{8726E4D4-7D55-4F90-B6B6-9DECE6A88C64}.Debug|iPhoneSimulator.Build.0 = Debug|Any CPU
		{8726E4D4-7D55-4F90-B6B6-9DECE6A88C64}.Debug|x64.ActiveCfg = Debug|Any CPU
		{8726E4D4-7D55-4F90-B6B6-9DECE6A88C64}.Debug|x64.Build.0 = Debug|Any CPU
		{8726E4D4-7D55-4F90-B6B6-9DECE6A88C64}.Debug|x86.ActiveCfg = Debug|Any CPU
		{8726E4D4-7D55-4F90-B6B6-9DECE6A88C64}.Debug|x86.Build.0 = Debug|Any CPU
		{8726E4D4-7D55-4F90-B6B6-9DECE6A88C64}.Release|Any CPU.ActiveCfg = Release|Any CPU
		{8726E4D4-7D55-4F90-B6B6-9DECE6A88C64}.Release|Any CPU.Build.0 = Release|Any CPU
		{8726E4D4-7D55-4F90-B6B6-9DECE6A88C64}.Release|ARM.ActiveCfg = Release|Any CPU
		{8726E4D4-7D55-4F90-B6B6-9DECE6A88C64}.Release|ARM.Build.0 = Release|Any CPU
		{8726E4D4-7D55-4F90-B6B6-9DECE6A88C64}.Release|iPhone.ActiveCfg = Release|Any CPU
		{8726E4D4-7D55-4F90-B6B6-9DECE6A88C64}.Release|iPhone.Build.0 = Release|Any CPU
		{8726E4D4-7D55-4F90-B6B6-9DECE6A88C64}.Release|iPhoneSimulator.ActiveCfg = Release|Any CPU
		{8726E4D4-7D55-4F90-B6B6-9DECE6A88C64}.Release|iPhoneSimulator.Build.0 = Release|Any CPU
		{8726E4D4-7D55-4F90-B6B6-9DECE6A88C64}.Release|x64.ActiveCfg = Release|Any CPU
		{8726E4D4-7D55-4F90-B6B6-9DECE6A88C64}.Release|x64.Build.0 = Release|Any CPU
		{8726E4D4-7D55-4F90-B6B6-9DECE6A88C64}.Release|x86.ActiveCfg = Release|Any CPU
		{8726E4D4-7D55-4F90-B6B6-9DECE6A88C64}.Release|x86.Build.0 = Release|Any CPU
		{20F64AA7-D240-49D8-BC35-578E322C7279}.Ad-Hoc|Any CPU.ActiveCfg = Release|x64
		{20F64AA7-D240-49D8-BC35-578E322C7279}.Ad-Hoc|Any CPU.Build.0 = Release|x64
		{20F64AA7-D240-49D8-BC35-578E322C7279}.Ad-Hoc|Any CPU.Deploy.0 = Release|x64
		{20F64AA7-D240-49D8-BC35-578E322C7279}.Ad-Hoc|ARM.ActiveCfg = Release|ARM
		{20F64AA7-D240-49D8-BC35-578E322C7279}.Ad-Hoc|ARM.Build.0 = Release|ARM
		{20F64AA7-D240-49D8-BC35-578E322C7279}.Ad-Hoc|ARM.Deploy.0 = Release|ARM
		{20F64AA7-D240-49D8-BC35-578E322C7279}.Ad-Hoc|iPhone.ActiveCfg = Release|x64
		{20F64AA7-D240-49D8-BC35-578E322C7279}.Ad-Hoc|iPhone.Build.0 = Release|x64
		{20F64AA7-D240-49D8-BC35-578E322C7279}.Ad-Hoc|iPhone.Deploy.0 = Release|x64
		{20F64AA7-D240-49D8-BC35-578E322C7279}.Ad-Hoc|iPhoneSimulator.ActiveCfg = Release|x64
		{20F64AA7-D240-49D8-BC35-578E322C7279}.Ad-Hoc|iPhoneSimulator.Build.0 = Release|x64
		{20F64AA7-D240-49D8-BC35-578E322C7279}.Ad-Hoc|iPhoneSimulator.Deploy.0 = Release|x64
		{20F64AA7-D240-49D8-BC35-578E322C7279}.Ad-Hoc|x64.ActiveCfg = Release|x64
		{20F64AA7-D240-49D8-BC35-578E322C7279}.Ad-Hoc|x64.Build.0 = Release|x64
		{20F64AA7-D240-49D8-BC35-578E322C7279}.Ad-Hoc|x64.Deploy.0 = Release|x64
		{20F64AA7-D240-49D8-BC35-578E322C7279}.Ad-Hoc|x86.ActiveCfg = Release|x86
		{20F64AA7-D240-49D8-BC35-578E322C7279}.Ad-Hoc|x86.Build.0 = Release|x86
		{20F64AA7-D240-49D8-BC35-578E322C7279}.Ad-Hoc|x86.Deploy.0 = Release|x86
		{20F64AA7-D240-49D8-BC35-578E322C7279}.AppStore|Any CPU.ActiveCfg = Release|x64
		{20F64AA7-D240-49D8-BC35-578E322C7279}.AppStore|Any CPU.Build.0 = Release|x64
		{20F64AA7-D240-49D8-BC35-578E322C7279}.AppStore|Any CPU.Deploy.0 = Release|x64
		{20F64AA7-D240-49D8-BC35-578E322C7279}.AppStore|ARM.ActiveCfg = Release|ARM
		{20F64AA7-D240-49D8-BC35-578E322C7279}.AppStore|ARM.Build.0 = Release|ARM
		{20F64AA7-D240-49D8-BC35-578E322C7279}.AppStore|ARM.Deploy.0 = Release|ARM
		{20F64AA7-D240-49D8-BC35-578E322C7279}.AppStore|iPhone.ActiveCfg = Release|x64
		{20F64AA7-D240-49D8-BC35-578E322C7279}.AppStore|iPhone.Build.0 = Release|x64
		{20F64AA7-D240-49D8-BC35-578E322C7279}.AppStore|iPhone.Deploy.0 = Release|x64
		{20F64AA7-D240-49D8-BC35-578E322C7279}.AppStore|iPhoneSimulator.ActiveCfg = Release|x64
		{20F64AA7-D240-49D8-BC35-578E322C7279}.AppStore|iPhoneSimulator.Build.0 = Release|x64
		{20F64AA7-D240-49D8-BC35-578E322C7279}.AppStore|iPhoneSimulator.Deploy.0 = Release|x64
		{20F64AA7-D240-49D8-BC35-578E322C7279}.AppStore|x64.ActiveCfg = Release|x64
		{20F64AA7-D240-49D8-BC35-578E322C7279}.AppStore|x64.Build.0 = Release|x64
		{20F64AA7-D240-49D8-BC35-578E322C7279}.AppStore|x64.Deploy.0 = Release|x64
		{20F64AA7-D240-49D8-BC35-578E322C7279}.AppStore|x86.ActiveCfg = Release|x86
		{20F64AA7-D240-49D8-BC35-578E322C7279}.AppStore|x86.Build.0 = Release|x86
		{20F64AA7-D240-49D8-BC35-578E322C7279}.AppStore|x86.Deploy.0 = Release|x86
		{20F64AA7-D240-49D8-BC35-578E322C7279}.Debug|Any CPU.ActiveCfg = Debug|x86
		{20F64AA7-D240-49D8-BC35-578E322C7279}.Debug|ARM.ActiveCfg = Debug|ARM
		{20F64AA7-D240-49D8-BC35-578E322C7279}.Debug|ARM.Build.0 = Debug|ARM
		{20F64AA7-D240-49D8-BC35-578E322C7279}.Debug|ARM.Deploy.0 = Debug|ARM
		{20F64AA7-D240-49D8-BC35-578E322C7279}.Debug|iPhone.ActiveCfg = Debug|x86
		{20F64AA7-D240-49D8-BC35-578E322C7279}.Debug|iPhoneSimulator.ActiveCfg = Debug|x86
		{20F64AA7-D240-49D8-BC35-578E322C7279}.Debug|x64.ActiveCfg = Debug|x64
		{20F64AA7-D240-49D8-BC35-578E322C7279}.Debug|x64.Build.0 = Debug|x64
		{20F64AA7-D240-49D8-BC35-578E322C7279}.Debug|x64.Deploy.0 = Debug|x64
		{20F64AA7-D240-49D8-BC35-578E322C7279}.Debug|x86.ActiveCfg = Debug|x86
		{20F64AA7-D240-49D8-BC35-578E322C7279}.Debug|x86.Build.0 = Debug|x86
		{20F64AA7-D240-49D8-BC35-578E322C7279}.Debug|x86.Deploy.0 = Debug|x86
		{20F64AA7-D240-49D8-BC35-578E322C7279}.Release|Any CPU.ActiveCfg = Release|x86
		{20F64AA7-D240-49D8-BC35-578E322C7279}.Release|Any CPU.Build.0 = Release|x86
		{20F64AA7-D240-49D8-BC35-578E322C7279}.Release|ARM.ActiveCfg = Release|ARM
		{20F64AA7-D240-49D8-BC35-578E322C7279}.Release|ARM.Build.0 = Release|ARM
		{20F64AA7-D240-49D8-BC35-578E322C7279}.Release|ARM.Deploy.0 = Release|ARM
		{20F64AA7-D240-49D8-BC35-578E322C7279}.Release|iPhone.ActiveCfg = Release|x86
		{20F64AA7-D240-49D8-BC35-578E322C7279}.Release|iPhoneSimulator.ActiveCfg = Release|x86
		{20F64AA7-D240-49D8-BC35-578E322C7279}.Release|x64.ActiveCfg = Release|x64
		{20F64AA7-D240-49D8-BC35-578E322C7279}.Release|x64.Build.0 = Release|x64
		{20F64AA7-D240-49D8-BC35-578E322C7279}.Release|x64.Deploy.0 = Release|x64
		{20F64AA7-D240-49D8-BC35-578E322C7279}.Release|x86.ActiveCfg = Release|x86
		{20F64AA7-D240-49D8-BC35-578E322C7279}.Release|x86.Build.0 = Release|x86
		{20F64AA7-D240-49D8-BC35-578E322C7279}.Release|x86.Deploy.0 = Release|x86
		{A706D15C-B407-42A2-B6E3-B6F88BA24E7E}.Ad-Hoc|Any CPU.ActiveCfg = Debug|Any CPU
		{A706D15C-B407-42A2-B6E3-B6F88BA24E7E}.Ad-Hoc|Any CPU.Build.0 = Debug|Any CPU
		{A706D15C-B407-42A2-B6E3-B6F88BA24E7E}.Ad-Hoc|ARM.ActiveCfg = Debug|Any CPU
		{A706D15C-B407-42A2-B6E3-B6F88BA24E7E}.Ad-Hoc|ARM.Build.0 = Debug|Any CPU
		{A706D15C-B407-42A2-B6E3-B6F88BA24E7E}.Ad-Hoc|iPhone.ActiveCfg = Debug|Any CPU
		{A706D15C-B407-42A2-B6E3-B6F88BA24E7E}.Ad-Hoc|iPhone.Build.0 = Debug|Any CPU
		{A706D15C-B407-42A2-B6E3-B6F88BA24E7E}.Ad-Hoc|iPhoneSimulator.ActiveCfg = Debug|Any CPU
		{A706D15C-B407-42A2-B6E3-B6F88BA24E7E}.Ad-Hoc|iPhoneSimulator.Build.0 = Debug|Any CPU
		{A706D15C-B407-42A2-B6E3-B6F88BA24E7E}.Ad-Hoc|x64.ActiveCfg = Debug|Any CPU
		{A706D15C-B407-42A2-B6E3-B6F88BA24E7E}.Ad-Hoc|x64.Build.0 = Debug|Any CPU
		{A706D15C-B407-42A2-B6E3-B6F88BA24E7E}.Ad-Hoc|x86.ActiveCfg = Debug|Any CPU
		{A706D15C-B407-42A2-B6E3-B6F88BA24E7E}.Ad-Hoc|x86.Build.0 = Debug|Any CPU
		{A706D15C-B407-42A2-B6E3-B6F88BA24E7E}.AppStore|Any CPU.ActiveCfg = Debug|Any CPU
		{A706D15C-B407-42A2-B6E3-B6F88BA24E7E}.AppStore|Any CPU.Build.0 = Debug|Any CPU
		{A706D15C-B407-42A2-B6E3-B6F88BA24E7E}.AppStore|ARM.ActiveCfg = Debug|Any CPU
		{A706D15C-B407-42A2-B6E3-B6F88BA24E7E}.AppStore|ARM.Build.0 = Debug|Any CPU
		{A706D15C-B407-42A2-B6E3-B6F88BA24E7E}.AppStore|iPhone.ActiveCfg = Debug|Any CPU
		{A706D15C-B407-42A2-B6E3-B6F88BA24E7E}.AppStore|iPhone.Build.0 = Debug|Any CPU
		{A706D15C-B407-42A2-B6E3-B6F88BA24E7E}.AppStore|iPhoneSimulator.ActiveCfg = Debug|Any CPU
		{A706D15C-B407-42A2-B6E3-B6F88BA24E7E}.AppStore|iPhoneSimulator.Build.0 = Debug|Any CPU
		{A706D15C-B407-42A2-B6E3-B6F88BA24E7E}.AppStore|x64.ActiveCfg = Debug|Any CPU
		{A706D15C-B407-42A2-B6E3-B6F88BA24E7E}.AppStore|x64.Build.0 = Debug|Any CPU
		{A706D15C-B407-42A2-B6E3-B6F88BA24E7E}.AppStore|x86.ActiveCfg = Debug|Any CPU
		{A706D15C-B407-42A2-B6E3-B6F88BA24E7E}.AppStore|x86.Build.0 = Debug|Any CPU
		{A706D15C-B407-42A2-B6E3-B6F88BA24E7E}.Debug|Any CPU.ActiveCfg = Debug|Any CPU
		{A706D15C-B407-42A2-B6E3-B6F88BA24E7E}.Debug|Any CPU.Build.0 = Debug|Any CPU
		{A706D15C-B407-42A2-B6E3-B6F88BA24E7E}.Debug|ARM.ActiveCfg = Debug|Any CPU
		{A706D15C-B407-42A2-B6E3-B6F88BA24E7E}.Debug|ARM.Build.0 = Debug|Any CPU
		{A706D15C-B407-42A2-B6E3-B6F88BA24E7E}.Debug|iPhone.ActiveCfg = Debug|Any CPU
		{A706D15C-B407-42A2-B6E3-B6F88BA24E7E}.Debug|iPhone.Build.0 = Debug|Any CPU
		{A706D15C-B407-42A2-B6E3-B6F88BA24E7E}.Debug|iPhoneSimulator.ActiveCfg = Debug|Any CPU
		{A706D15C-B407-42A2-B6E3-B6F88BA24E7E}.Debug|iPhoneSimulator.Build.0 = Debug|Any CPU
		{A706D15C-B407-42A2-B6E3-B6F88BA24E7E}.Debug|x64.ActiveCfg = Debug|Any CPU
		{A706D15C-B407-42A2-B6E3-B6F88BA24E7E}.Debug|x64.Build.0 = Debug|Any CPU
		{A706D15C-B407-42A2-B6E3-B6F88BA24E7E}.Debug|x86.ActiveCfg = Debug|Any CPU
		{A706D15C-B407-42A2-B6E3-B6F88BA24E7E}.Debug|x86.Build.0 = Debug|Any CPU
		{A706D15C-B407-42A2-B6E3-B6F88BA24E7E}.Release|Any CPU.ActiveCfg = Release|Any CPU
		{A706D15C-B407-42A2-B6E3-B6F88BA24E7E}.Release|Any CPU.Build.0 = Release|Any CPU
		{A706D15C-B407-42A2-B6E3-B6F88BA24E7E}.Release|ARM.ActiveCfg = Release|Any CPU
		{A706D15C-B407-42A2-B6E3-B6F88BA24E7E}.Release|ARM.Build.0 = Release|Any CPU
		{A706D15C-B407-42A2-B6E3-B6F88BA24E7E}.Release|iPhone.ActiveCfg = Release|Any CPU
		{A706D15C-B407-42A2-B6E3-B6F88BA24E7E}.Release|iPhone.Build.0 = Release|Any CPU
		{A706D15C-B407-42A2-B6E3-B6F88BA24E7E}.Release|iPhoneSimulator.ActiveCfg = Release|Any CPU
		{A706D15C-B407-42A2-B6E3-B6F88BA24E7E}.Release|iPhoneSimulator.Build.0 = Release|Any CPU
		{A706D15C-B407-42A2-B6E3-B6F88BA24E7E}.Release|x64.ActiveCfg = Release|Any CPU
		{A706D15C-B407-42A2-B6E3-B6F88BA24E7E}.Release|x64.Build.0 = Release|Any CPU
		{A706D15C-B407-42A2-B6E3-B6F88BA24E7E}.Release|x86.ActiveCfg = Release|Any CPU
		{A706D15C-B407-42A2-B6E3-B6F88BA24E7E}.Release|x86.Build.0 = Release|Any CPU
	EndGlobalSection
	GlobalSection(SolutionProperties) = preSolution
		HideSolutionNode = FALSE
	EndGlobalSection
	GlobalSection(NestedProjects) = preSolution
		{6279C845-92F8-4333-AB99-3D213163593C} = {03213811-C0E4-4165-A36A-21955DEECD9B}
		{20F64AA7-D240-49D8-BC35-578E322C7279} = {03213811-C0E4-4165-A36A-21955DEECD9B}
		{A706D15C-B407-42A2-B6E3-B6F88BA24E7E} = {03213811-C0E4-4165-A36A-21955DEECD9B}
	EndGlobalSection
	GlobalSection(ExtensibilityGlobals) = postSolution
		SolutionGuid = {43B50B6E-3AC4-4C96-93BB-CC268492FD03}
	EndGlobalSection
EndGlobal
