
Microsoft Visual Studio Solution File, Format Version 12.00
# Visual Studio 14
VisualStudioVersion = 14.0.24720.0
MinimumVisualStudioVersion = 10.0.40219.1
Project("{FAE04EC0-301F-11D3-BF4B-00C04F79EFBC}") = "Quoter", "src\Quoter\Quoter.csproj", "{927AB47F-479C-423A-B21F-5DEC48533E1D}"
EndProject
Project("{2150E333-8FDC-42A3-9474-1A3956D46DE8}") = ".nuget", ".nuget", "{6FCB470A-3A23-41F7-93FB-F70D372DE13C}"
	ProjectSection(SolutionItems) = preProject
		.nuget\NuGet.Config = .nuget\NuGet.Config
		.nuget\NuGet.exe = .nuget\NuGet.exe
	EndProjectSection
EndProject
Project("{8BB2217D-0F2D-49D1-97BC-3654ED321F3B}") = "QuoterService", "src\QuoterService\QuoterService.xproj", "{5A5372E1-6DE1-46E5-ABF1-EE5515C8EA3C}"
EndProject
Project("{2150E333-8FDC-42A3-9474-1A3956D46DE8}") = "Solution Items", "Solution Items", "{B30A4555-BB08-46D0-BEB5-31FC122F89CD}"
	ProjectSection(SolutionItems) = preProject
		global.json = global.json
	EndProjectSection
EndProject
Project("{FAE04EC0-301F-11D3-BF4B-00C04F79EFBC}") = "QuoterServiceOld", "src\QuoterServiceOld\QuoterServiceOld.csproj", "{BD5CB646-47C2-4710-B755-19D35296951A}"
EndProject
Global
	GlobalSection(SolutionConfigurationPlatforms) = preSolution
		Debug|Any CPU = Debug|Any CPU
		Release|Any CPU = Release|Any CPU
	EndGlobalSection
	GlobalSection(ProjectConfigurationPlatforms) = postSolution
		{927AB47F-479C-423A-B21F-5DEC48533E1D}.Debug|Any CPU.ActiveCfg = Debug|Any CPU
		{927AB47F-479C-423A-B21F-5DEC48533E1D}.Debug|Any CPU.Build.0 = Debug|Any CPU
		{927AB47F-479C-423A-B21F-5DEC48533E1D}.Release|Any CPU.ActiveCfg = Release|Any CPU
		{927AB47F-479C-423A-B21F-5DEC48533E1D}.Release|Any CPU.Build.0 = Release|Any CPU
		{5A5372E1-6DE1-46E5-ABF1-EE5515C8EA3C}.Debug|Any CPU.ActiveCfg = Debug|Any CPU
		{5A5372E1-6DE1-46E5-ABF1-EE5515C8EA3C}.Debug|Any CPU.Build.0 = Debug|Any CPU
		{5A5372E1-6DE1-46E5-ABF1-EE5515C8EA3C}.Release|Any CPU.ActiveCfg = Release|Any CPU
		{5A5372E1-6DE1-46E5-ABF1-EE5515C8EA3C}.Release|Any CPU.Build.0 = Release|Any CPU
		{BD5CB646-47C2-4710-B755-19D35296951A}.Debug|Any CPU.ActiveCfg = Debug|Any CPU
		{BD5CB646-47C2-4710-B755-19D35296951A}.Debug|Any CPU.Build.0 = Debug|Any CPU
		{BD5CB646-47C2-4710-B755-19D35296951A}.Release|Any CPU.ActiveCfg = Release|Any CPU
		{BD5CB646-47C2-4710-B755-19D35296951A}.Release|Any CPU.Build.0 = Release|Any CPU
	EndGlobalSection
	GlobalSection(SolutionProperties) = preSolution
		HideSolutionNode = FALSE
	EndGlobalSection
EndGlobal
