
Microsoft Visual Studio Solution File, Format Version 12.00
# Visual Studio 15
VisualStudioVersion = 15.0.26430.16
MinimumVisualStudioVersion = 10.0.40219.1
Project("{9A19103F-16F7-4668-BE54-9A1E7A4F7556}") = "Quoter", "src\Quoter\Quoter.csproj", "{927AB47F-479C-423A-B21F-5DEC48533E1D}"
EndProject
Project("{9A19103F-16F7-4668-BE54-9A1E7A4F7556}") = "Quoter.Tests", "src\Quoter.Tests\Quoter.Tests.csproj", "{2400CB20-55BB-4FDF-85CB-42591681CF11}"
EndProject
Project("{FAE04EC0-301F-11D3-BF4B-00C04F79EFBC}") = "Quoter.Web", "src\Quoter.Web\Quoter.Web.csproj", "{8726E4D4-7D55-4F90-B6B6-9DECE6A88C64}"
EndProject
Global
	GlobalSection(SolutionConfigurationPlatforms) = preSolution
		Debug|Any CPU = Debug|Any CPU
		Release|Any CPU = Release|Any CPU
	EndGlobalSection
	GlobalSection(ProjectConfigurationPlatforms) = postSolution
		{927AB47F-479C-423A-B21F-5DEC48533E1D}.Debug|Any CPU.ActiveCfg = Debug|Any CPU
		{927AB47F-479C-423A-B21F-5DEC48533E1D}.Debug|Any CPU.Build.0 = Debug|Any CPU
		{927AB47F-479C-423A-B21F-5DEC48533E1D}.Release|Any CPU.ActiveCfg = Release|Any CPU
		{927AB47F-479C-423A-B21F-5DEC48533E1D}.Release|Any CPU.Build.0 = Release|Any CPU
		{2400CB20-55BB-4FDF-85CB-42591681CF11}.Debug|Any CPU.ActiveCfg = Debug|Any CPU
		{2400CB20-55BB-4FDF-85CB-42591681CF11}.Debug|Any CPU.Build.0 = Debug|Any CPU
		{2400CB20-55BB-4FDF-85CB-42591681CF11}.Release|Any CPU.ActiveCfg = Release|Any CPU
		{2400CB20-55BB-4FDF-85CB-42591681CF11}.Release|Any CPU.Build.0 = Release|Any CPU
		{8726E4D4-7D55-4F90-B6B6-9DECE6A88C64}.Debug|Any CPU.ActiveCfg = Debug|Any CPU
		{8726E4D4-7D55-4F90-B6B6-9DECE6A88C64}.Debug|Any CPU.Build.0 = Debug|Any CPU
		{8726E4D4-7D55-4F90-B6B6-9DECE6A88C64}.Release|Any CPU.ActiveCfg = Release|Any CPU
		{8726E4D4-7D55-4F90-B6B6-9DECE6A88C64}.Release|Any CPU.Build.0 = Release|Any CPU
	EndGlobalSection
	GlobalSection(SolutionProperties) = preSolution
		HideSolutionNode = FALSE
	EndGlobalSection
	GlobalSection(ExtensibilityGlobals) = postSolution
		SolutionGuid = {43B50B6E-3AC4-4C96-93BB-CC268492FD03}
	EndGlobalSection
EndGlobal
